// !$*UTF8*$!
{
	archiveVersion = 1;
	classes = {
	};
	objectVersion = 56;
	objects = {

/* Begin PBXBuildFile section */
		A362A0112AA7606B00779E07 /* MemorizeGame_Model.swift in Sources */ = {isa = PBXBuildFile; fileRef = A362A0102AA7606B00779E07 /* MemorizeGame_Model.swift */; };
		A362A0132AA7615F00779E07 /* EmojiMemoryGame_ViewModel.swift in Sources */ = {isa = PBXBuildFile; fileRef = A362A0122AA7615F00779E07 /* EmojiMemoryGame_ViewModel.swift */; };
		A38FB6AA2AA5EC6F00CA1B25 /* Memorize_Recap_App.swift in Sources */ = {isa = PBXBuildFile; fileRef = A38FB6A92AA5EC6F00CA1B25 /* Memorize_Recap_App.swift */; };
		A38FB6AC2AA5EC6F00CA1B25 /* ContentView_Old.swift in Sources */ = {isa = PBXBuildFile; fileRef = A38FB6AB2AA5EC6F00CA1B25 /* ContentView_Old.swift */; };
		A38FB6AE2AA5EC7000CA1B25 /* Assets.xcassets in Resources */ = {isa = PBXBuildFile; fileRef = A38FB6AD2AA5EC7000CA1B25 /* Assets.xcassets */; };
		A38FB6B12AA5EC7000CA1B25 /* Preview Assets.xcassets in Resources */ = {isa = PBXBuildFile; fileRef = A38FB6B02AA5EC7000CA1B25 /* Preview Assets.xcassets */; };
		A38FB6BC2AA6174F00CA1B25 /* EmojiMemoryGameView.swift in Sources */ = {isa = PBXBuildFile; fileRef = A38FB6BB2AA6174F00CA1B25 /* EmojiMemoryGameView.swift */; };
		A38FB6C42AA61E9E00CA1B25 /* Lecture1.md in Resources */ = {isa = PBXBuildFile; fileRef = A38FB6C22AA61E9E00CA1B25 /* Lecture1.md */; };
		A38FB6C52AA61E9E00CA1B25 /* Lecture2.md in Resources */ = {isa = PBXBuildFile; fileRef = A38FB6C32AA61E9E00CA1B25 /* Lecture2.md */; };
		A3E1DE652AAC3DBF00B30F11 /* CardView.swift in Sources */ = {isa = PBXBuildFile; fileRef = A3E1DE642AAC3DBF00B30F11 /* CardView.swift */; };
		A3E1DE682AAC598700B30F11 /* AspectVGrid.swift in Sources */ = {isa = PBXBuildFile; fileRef = A3E1DE672AAC598700B30F11 /* AspectVGrid.swift */; };
		A3E1DE6D2AAC649100B30F11 /* Pie.swift in Sources */ = {isa = PBXBuildFile; fileRef = A3E1DE6C2AAC649100B30F11 /* Pie.swift */; };
		A3E1DE6F2AAC6FB600B30F11 /* Cardify.swift in Sources */ = {isa = PBXBuildFile; fileRef = A3E1DE6E2AAC6FB600B30F11 /* Cardify.swift */; };
/* End PBXBuildFile section */

/* Begin PBXFileReference section */
		A31570BF2AA9C5C0005C1FB0 /* Lecture4.md */ = {isa = PBXFileReference; lastKnownFileType = net.daringfireball.markdown; path = Lecture4.md; sourceTree = "<group>"; };
		A362A00F2AA73D7B00779E07 /* Lecture3.md */ = {isa = PBXFileReference; lastKnownFileType = net.daringfireball.markdown; path = Lecture3.md; sourceTree = "<group>"; };
		A362A0102AA7606B00779E07 /* MemorizeGame_Model.swift */ = {isa = PBXFileReference; lastKnownFileType = sourcecode.swift; path = MemorizeGame_Model.swift; sourceTree = "<group>"; };
		A362A0122AA7615F00779E07 /* EmojiMemoryGame_ViewModel.swift */ = {isa = PBXFileReference; lastKnownFileType = sourcecode.swift; path = EmojiMemoryGame_ViewModel.swift; sourceTree = "<group>"; };
		A38FB6A62AA5EC6F00CA1B25 /* Memorize(Recap).app */ = {isa = PBXFileReference; explicitFileType = wrapper.application; includeInIndex = 0; path = "Memorize(Recap).app"; sourceTree = BUILT_PRODUCTS_DIR; };
		A38FB6A92AA5EC6F00CA1B25 /* Memorize_Recap_App.swift */ = {isa = PBXFileReference; lastKnownFileType = sourcecode.swift; path = Memorize_Recap_App.swift; sourceTree = "<group>"; };
		A38FB6AB2AA5EC6F00CA1B25 /* ContentView_Old.swift */ = {isa = PBXFileReference; lastKnownFileType = sourcecode.swift; path = ContentView_Old.swift; sourceTree = "<group>"; };
		A38FB6AD2AA5EC7000CA1B25 /* Assets.xcassets */ = {isa = PBXFileReference; lastKnownFileType = folder.assetcatalog; path = Assets.xcassets; sourceTree = "<group>"; };
		A38FB6B02AA5EC7000CA1B25 /* Preview Assets.xcassets */ = {isa = PBXFileReference; lastKnownFileType = folder.assetcatalog; path = "Preview Assets.xcassets"; sourceTree = "<group>"; };
		A38FB6BB2AA6174F00CA1B25 /* EmojiMemoryGameView.swift */ = {isa = PBXFileReference; lastKnownFileType = sourcecode.swift; path = EmojiMemoryGameView.swift; sourceTree = "<group>"; };
		A38FB6C22AA61E9E00CA1B25 /* Lecture1.md */ = {isa = PBXFileReference; fileEncoding = 4; lastKnownFileType = net.daringfireball.markdown; path = Lecture1.md; sourceTree = "<group>"; };
		A38FB6C32AA61E9E00CA1B25 /* Lecture2.md */ = {isa = PBXFileReference; fileEncoding = 4; lastKnownFileType = net.daringfireball.markdown; path = Lecture2.md; sourceTree = "<group>"; };
		A3D43D552AA9F51000A4B44D /* Lecture5.md */ = {isa = PBXFileReference; lastKnownFileType = net.daringfireball.markdown; path = Lecture5.md; sourceTree = "<group>"; };
		A3E1DE632AAC3D5A00B30F11 /* Lecture6.md */ = {isa = PBXFileReference; lastKnownFileType = net.daringfireball.markdown; path = Lecture6.md; sourceTree = "<group>"; };
		A3E1DE642AAC3DBF00B30F11 /* CardView.swift */ = {isa = PBXFileReference; lastKnownFileType = sourcecode.swift; path = CardView.swift; sourceTree = "<group>"; };
		A3E1DE672AAC598700B30F11 /* AspectVGrid.swift */ = {isa = PBXFileReference; lastKnownFileType = sourcecode.swift; path = AspectVGrid.swift; sourceTree = "<group>"; };
		A3E1DE6B2AAC5D0000B30F11 /* Lecture7.md */ = {isa = PBXFileReference; lastKnownFileType = net.daringfireball.markdown; path = Lecture7.md; sourceTree = "<group>"; };
		A3E1DE6C2AAC649100B30F11 /* Pie.swift */ = {isa = PBXFileReference; lastKnownFileType = sourcecode.swift; path = Pie.swift; sourceTree = "<group>"; };
		A3E1DE6E2AAC6FB600B30F11 /* Cardify.swift */ = {isa = PBXFileReference; lastKnownFileType = sourcecode.swift; path = Cardify.swift; sourceTree = "<group>"; };
/* End PBXFileReference section */

/* Begin PBXFrameworksBuildPhase section */
		A38FB6A32AA5EC6F00CA1B25 /* Frameworks */ = {
			isa = PBXFrameworksBuildPhase;
			buildActionMask = 2147483647;
			files = (
			);
			runOnlyForDeploymentPostprocessing = 0;
		};
/* End PBXFrameworksBuildPhase section */

/* Begin PBXGroup section */
		A38FB69D2AA5EC6F00CA1B25 = {
			isa = PBXGroup;
			children = (
				A3E1DE672AAC598700B30F11 /* AspectVGrid.swift */,
				A38FB6A82AA5EC6F00CA1B25 /* Memorize(Recap) */,
				A38FB6A72AA5EC6F00CA1B25 /* Products */,
			);
			sourceTree = "<group>";
		};
		A38FB6A72AA5EC6F00CA1B25 /* Products */ = {
			isa = PBXGroup;
			children = (
				A38FB6A62AA5EC6F00CA1B25 /* Memorize(Recap).app */,
			);
			name = Products;
			sourceTree = "<group>";
		};
		A38FB6A82AA5EC6F00CA1B25 /* Memorize(Recap) */ = {
			isa = PBXGroup;
			children = (
				A38FB6A92AA5EC6F00CA1B25 /* Memorize_Recap_App.swift */,
				A3E1DE642AAC3DBF00B30F11 /* CardView.swift */,
				A3E1DE6E2AAC6FB600B30F11 /* Cardify.swift */,
				A3E1DE6C2AAC649100B30F11 /* Pie.swift */,
				A38FB6BB2AA6174F00CA1B25 /* EmojiMemoryGameView.swift */,
				A362A0102AA7606B00779E07 /* MemorizeGame_Model.swift */,
				A362A0122AA7615F00779E07 /* EmojiMemoryGame_ViewModel.swift */,
				A38FB6AB2AA5EC6F00CA1B25 /* ContentView_Old.swift */,
				A38FB6C12AA61E9E00CA1B25 /* LectureNote */,
				A38FB6AD2AA5EC7000CA1B25 /* Assets.xcassets */,
				A38FB6AF2AA5EC7000CA1B25 /* Preview Content */,
			);
			path = "Memorize(Recap)";
			sourceTree = "<group>";
		};
		A38FB6AF2AA5EC7000CA1B25 /* Preview Content */ = {
			isa = PBXGroup;
			children = (
				A38FB6B02AA5EC7000CA1B25 /* Preview Assets.xcassets */,
			);
			path = "Preview Content";
			sourceTree = "<group>";
		};
		A38FB6C12AA61E9E00CA1B25 /* LectureNote */ = {
			isa = PBXGroup;
			children = (
				A38FB6C22AA61E9E00CA1B25 /* Lecture1.md */,
				A38FB6C32AA61E9E00CA1B25 /* Lecture2.md */,
				A362A00F2AA73D7B00779E07 /* Lecture3.md */,
				A31570BF2AA9C5C0005C1FB0 /* Lecture4.md */,
				A3D43D552AA9F51000A4B44D /* Lecture5.md */,
				A3E1DE632AAC3D5A00B30F11 /* Lecture6.md */,
				A3E1DE6B2AAC5D0000B30F11 /* Lecture7.md */,
			);
			path = LectureNote;
			sourceTree = "<group>";
		};
/* End PBXGroup section */

/* Begin PBXNativeTarget section */
		A38FB6A52AA5EC6F00CA1B25 /* Memorize(Recap) */ = {
			isa = PBXNativeTarget;
			buildConfigurationList = A38FB6B42AA5EC7000CA1B25 /* Build configuration list for PBXNativeTarget "Memorize(Recap)" */;
			buildPhases = (
				A38FB6A22AA5EC6F00CA1B25 /* Sources */,
				A38FB6A32AA5EC6F00CA1B25 /* Frameworks */,
				A38FB6A42AA5EC6F00CA1B25 /* Resources */,
			);
			buildRules = (
			);
			dependencies = (
			);
			name = "Memorize(Recap)";
			productName = "Memorize(Recap)";
			productReference = A38FB6A62AA5EC6F00CA1B25 /* Memorize(Recap).app */;
			productType = "com.apple.product-type.application";
		};
/* End PBXNativeTarget section */

/* Begin PBXProject section */
		A38FB69E2AA5EC6F00CA1B25 /* Project object */ = {
			isa = PBXProject;
			attributes = {
				BuildIndependentTargetsInParallel = 1;
				LastSwiftUpdateCheck = 1430;
				LastUpgradeCheck = 1430;
				TargetAttributes = {
					A38FB6A52AA5EC6F00CA1B25 = {
						CreatedOnToolsVersion = 14.3.1;
					};
				};
			};
			buildConfigurationList = A38FB6A12AA5EC6F00CA1B25 /* Build configuration list for PBXProject "Memorize(Recap)" */;
			compatibilityVersion = "Xcode 14.0";
			developmentRegion = en;
			hasScannedForEncodings = 0;
			knownRegions = (
				en,
				Base,
			);
			mainGroup = A38FB69D2AA5EC6F00CA1B25;
			productRefGroup = A38FB6A72AA5EC6F00CA1B25 /* Products */;
			projectDirPath = "";
			projectRoot = "";
			targets = (
				A38FB6A52AA5EC6F00CA1B25 /* Memorize(Recap) */,
			);
		};
/* End PBXProject section */

/* Begin PBXResourcesBuildPhase section */
		A38FB6A42AA5EC6F00CA1B25 /* Resources */ = {
			isa = PBXResourcesBuildPhase;
			buildActionMask = 2147483647;
			files = (
				A38FB6C52AA61E9E00CA1B25 /* Lecture2.md in Resources */,
				A38FB6B12AA5EC7000CA1B25 /* Preview Assets.xcassets in Resources */,
				A38FB6AE2AA5EC7000CA1B25 /* Assets.xcassets in Resources */,
				A38FB6C42AA61E9E00CA1B25 /* Lecture1.md in Resources */,
			);
			runOnlyForDeploymentPostprocessing = 0;
		};
/* End PBXResourcesBuildPhase section */

/* Begin PBXSourcesBuildPhase section */
		A38FB6A22AA5EC6F00CA1B25 /* Sources */ = {
			isa = PBXSourcesBuildPhase;
			buildActionMask = 2147483647;
			files = (
				A38FB6AC2AA5EC6F00CA1B25 /* ContentView_Old.swift in Sources */,
				A362A0112AA7606B00779E07 /* MemorizeGame_Model.swift in Sources */,
				A3E1DE6D2AAC649100B30F11 /* Pie.swift in Sources */,
				A3E1DE6F2AAC6FB600B30F11 /* Cardify.swift in Sources */,
				A3E1DE682AAC598700B30F11 /* AspectVGrid.swift in Sources */,
				A38FB6AA2AA5EC6F00CA1B25 /* Memorize_Recap_App.swift in Sources */,
				A362A0132AA7615F00779E07 /* EmojiMemoryGame_ViewModel.swift in Sources */,
				A3E1DE652AAC3DBF00B30F11 /* CardView.swift in Sources */,
				A38FB6BC2AA6174F00CA1B25 /* EmojiMemoryGameView.swift in Sources */,
			);
			runOnlyForDeploymentPostprocessing = 0;
		};
/* End PBXSourcesBuildPhase section */

/* Begin XCBuildConfiguration section */
		A38FB6B22AA5EC7000CA1B25 /* Debug */ = {
			isa = XCBuildConfiguration;
			buildSettings = {
				ALWAYS_SEARCH_USER_PATHS = NO;
				CLANG_ANALYZER_NONNULL = YES;
				CLANG_ANALYZER_NUMBER_OBJECT_CONVERSION = YES_AGGRESSIVE;
				CLANG_CXX_LANGUAGE_STANDARD = "gnu++20";
				CLANG_ENABLE_MODULES = YES;
				CLANG_ENABLE_OBJC_ARC = YES;
				CLANG_ENABLE_OBJC_WEAK = YES;
				CLANG_WARN_BLOCK_CAPTURE_AUTORELEASING = YES;
				CLANG_WARN_BOOL_CONVERSION = YES;
				CLANG_WARN_COMMA = YES;
				CLANG_WARN_CONSTANT_CONVERSION = YES;
				CLANG_WARN_DEPRECATED_OBJC_IMPLEMENTATIONS = YES;
				CLANG_WARN_DIRECT_OBJC_ISA_USAGE = YES_ERROR;
				CLANG_WARN_DOCUMENTATION_COMMENTS = YES;
				CLANG_WARN_EMPTY_BODY = YES;
				CLANG_WARN_ENUM_CONVERSION = YES;
				CLANG_WARN_INFINITE_RECURSION = YES;
				CLANG_WARN_INT_CONVERSION = YES;
				CLANG_WARN_NON_LITERAL_NULL_CONVERSION = YES;
				CLANG_WARN_OBJC_IMPLICIT_RETAIN_SELF = YES;
				CLANG_WARN_OBJC_LITERAL_CONVERSION = YES;
				CLANG_WARN_OBJC_ROOT_CLASS = YES_ERROR;
				CLANG_WARN_QUOTED_INCLUDE_IN_FRAMEWORK_HEADER = YES;
				CLANG_WARN_RANGE_LOOP_ANALYSIS = YES;
				CLANG_WARN_STRICT_PROTOTYPES = YES;
				CLANG_WARN_SUSPICIOUS_MOVE = YES;
				CLANG_WARN_UNGUARDED_AVAILABILITY = YES_AGGRESSIVE;
				CLANG_WARN_UNREACHABLE_CODE = YES;
				CLANG_WARN__DUPLICATE_METHOD_MATCH = YES;
				COPY_PHASE_STRIP = NO;
				DEBUG_INFORMATION_FORMAT = dwarf;
				ENABLE_STRICT_OBJC_MSGSEND = YES;
				ENABLE_TESTABILITY = YES;
				GCC_C_LANGUAGE_STANDARD = gnu11;
				GCC_DYNAMIC_NO_PIC = NO;
				GCC_NO_COMMON_BLOCKS = YES;
				GCC_OPTIMIZATION_LEVEL = 0;
				GCC_PREPROCESSOR_DEFINITIONS = (
					"DEBUG=1",
					"$(inherited)",
				);
				GCC_WARN_64_TO_32_BIT_CONVERSION = YES;
				GCC_WARN_ABOUT_RETURN_TYPE = YES_ERROR;
				GCC_WARN_UNDECLARED_SELECTOR = YES;
				GCC_WARN_UNINITIALIZED_AUTOS = YES_AGGRESSIVE;
				GCC_WARN_UNUSED_FUNCTION = YES;
				GCC_WARN_UNUSED_VARIABLE = YES;
				IPHONEOS_DEPLOYMENT_TARGET = 16.4;
				MTL_ENABLE_DEBUG_INFO = INCLUDE_SOURCE;
				MTL_FAST_MATH = YES;
				ONLY_ACTIVE_ARCH = YES;
				SDKROOT = iphoneos;
				SWIFT_ACTIVE_COMPILATION_CONDITIONS = DEBUG;
				SWIFT_OPTIMIZATION_LEVEL = "-Onone";
			};
			name = Debug;
		};
		A38FB6B32AA5EC7000CA1B25 /* Release */ = {
			isa = XCBuildConfiguration;
			buildSettings = {
				ALWAYS_SEARCH_USER_PATHS = NO;
				CLANG_ANALYZER_NONNULL = YES;
				CLANG_ANALYZER_NUMBER_OBJECT_CONVERSION = YES_AGGRESSIVE;
				CLANG_CXX_LANGUAGE_STANDARD = "gnu++20";
				CLANG_ENABLE_MODULES = YES;
				CLANG_ENABLE_OBJC_ARC = YES;
				CLANG_ENABLE_OBJC_WEAK = YES;
				CLANG_WARN_BLOCK_CAPTURE_AUTORELEASING = YES;
				CLANG_WARN_BOOL_CONVERSION = YES;
				CLANG_WARN_COMMA = YES;
				CLANG_WARN_CONSTANT_CONVERSION = YES;
				CLANG_WARN_DEPRECATED_OBJC_IMPLEMENTATIONS = YES;
				CLANG_WARN_DIRECT_OBJC_ISA_USAGE = YES_ERROR;
				CLANG_WARN_DOCUMENTATION_COMMENTS = YES;
				CLANG_WARN_EMPTY_BODY = YES;
				CLANG_WARN_ENUM_CONVERSION = YES;
				CLANG_WARN_INFINITE_RECURSION = YES;
				CLANG_WARN_INT_CONVERSION = YES;
				CLANG_WARN_NON_LITERAL_NULL_CONVERSION = YES;
				CLANG_WARN_OBJC_IMPLICIT_RETAIN_SELF = YES;
				CLANG_WARN_OBJC_LITERAL_CONVERSION = YES;
				CLANG_WARN_OBJC_ROOT_CLASS = YES_ERROR;
				CLANG_WARN_QUOTED_INCLUDE_IN_FRAMEWORK_HEADER = YES;
				CLANG_WARN_RANGE_LOOP_ANALYSIS = YES;
				CLANG_WARN_STRICT_PROTOTYPES = YES;
				CLANG_WARN_SUSPICIOUS_MOVE = YES;
				CLANG_WARN_UNGUARDED_AVAILABILITY = YES_AGGRESSIVE;
				CLANG_WARN_UNREACHABLE_CODE = YES;
				CLANG_WARN__DUPLICATE_METHOD_MATCH = YES;
				COPY_PHASE_STRIP = NO;
				DEBUG_INFORMATION_FORMAT = "dwarf-with-dsym";
				ENABLE_NS_ASSERTIONS = NO;
				ENABLE_STRICT_OBJC_MSGSEND = YES;
				GCC_C_LANGUAGE_STANDARD = gnu11;
				GCC_NO_COMMON_BLOCKS = YES;
				GCC_WARN_64_TO_32_BIT_CONVERSION = YES;
				GCC_WARN_ABOUT_RETURN_TYPE = YES_ERROR;
				GCC_WARN_UNDECLARED_SELECTOR = YES;
				GCC_WARN_UNINITIALIZED_AUTOS = YES_AGGRESSIVE;
				GCC_WARN_UNUSED_FUNCTION = YES;
				GCC_WARN_UNUSED_VARIABLE = YES;
				IPHONEOS_DEPLOYMENT_TARGET = 16.4;
				MTL_ENABLE_DEBUG_INFO = NO;
				MTL_FAST_MATH = YES;
				SDKROOT = iphoneos;
				SWIFT_COMPILATION_MODE = wholemodule;
				SWIFT_OPTIMIZATION_LEVEL = "-O";
				VALIDATE_PRODUCT = YES;
			};
			name = Release;
		};
		A38FB6B52AA5EC7000CA1B25 /* Debug */ = {
			isa = XCBuildConfiguration;
			buildSettings = {
				ASSETCATALOG_COMPILER_APPICON_NAME = AppIcon;
				ASSETCATALOG_COMPILER_GLOBAL_ACCENT_COLOR_NAME = AccentColor;
				CODE_SIGN_STYLE = Automatic;
				CURRENT_PROJECT_VERSION = 1;
				DEVELOPMENT_ASSET_PATHS = "\"Memorize(Recap)/Preview Content\"";
				DEVELOPMENT_TEAM = TXFXCK9X9K;
				ENABLE_PREVIEWS = YES;
				GENERATE_INFOPLIST_FILE = YES;
				INFOPLIST_KEY_UIApplicationSceneManifest_Generation = YES;
				INFOPLIST_KEY_UIApplicationSupportsIndirectInputEvents = YES;
				INFOPLIST_KEY_UILaunchScreen_Generation = YES;
				INFOPLIST_KEY_UISupportedInterfaceOrientations_iPad = "UIInterfaceOrientationPortrait UIInterfaceOrientationPortraitUpsideDown UIInterfaceOrientationLandscapeLeft UIInterfaceOrientationLandscapeRight";
				INFOPLIST_KEY_UISupportedInterfaceOrientations_iPhone = "UIInterfaceOrientationPortrait UIInterfaceOrientationLandscapeLeft UIInterfaceOrientationLandscapeRight";
				LD_RUNPATH_SEARCH_PATHS = (
					"$(inherited)",
					"@executable_path/Frameworks",
				);
				MARKETING_VERSION = 1.0;
				PRODUCT_BUNDLE_IDENTIFIER = "edu.stanford.cs193p.instructor.Memorize-Recap-";
				PRODUCT_NAME = "$(TARGET_NAME)";
				SWIFT_EMIT_LOC_STRINGS = YES;
				SWIFT_VERSION = 5.0;
				TARGETED_DEVICE_FAMILY = "1,2";
			};
			name = Debug;
		};
		A38FB6B62AA5EC7000CA1B25 /* Release */ = {
			isa = XCBuildConfiguration;
			buildSettings = {
				ASSETCATALOG_COMPILER_APPICON_NAME = AppIcon;
				ASSETCATALOG_COMPILER_GLOBAL_ACCENT_COLOR_NAME = AccentColor;
				CODE_SIGN_STYLE = Automatic;
				CURRENT_PROJECT_VERSION = 1;
				DEVELOPMENT_ASSET_PATHS = "\"Memorize(Recap)/Preview Content\"";
				DEVELOPMENT_TEAM = TXFXCK9X9K;
				ENABLE_PREVIEWS = YES;
				GENERATE_INFOPLIST_FILE = YES;
				INFOPLIST_KEY_UIApplicationSceneManifest_Generation = YES;
				INFOPLIST_KEY_UIApplicationSupportsIndirectInputEvents = YES;
				INFOPLIST_KEY_UILaunchScreen_Generation = YES;
				INFOPLIST_KEY_UISupportedInterfaceOrientations_iPad = "UIInterfaceOrientationPortrait UIInterfaceOrientationPortraitUpsideDown UIInterfaceOrientationLandscapeLeft UIInterfaceOrientationLandscapeRight";
				INFOPLIST_KEY_UISupportedInterfaceOrientations_iPhone = "UIInterfaceOrientationPortrait UIInterfaceOrientationLandscapeLeft UIInterfaceOrientationLandscapeRight";
				LD_RUNPATH_SEARCH_PATHS = (
					"$(inherited)",
					"@executable_path/Frameworks",
				);
				MARKETING_VERSION = 1.0;
				PRODUCT_BUNDLE_IDENTIFIER = "edu.stanford.cs193p.instructor.Memorize-Recap-";
				PRODUCT_NAME = "$(TARGET_NAME)";
				SWIFT_EMIT_LOC_STRINGS = YES;
				SWIFT_VERSION = 5.0;
				TARGETED_DEVICE_FAMILY = "1,2";
			};
			name = Release;
		};
/* End XCBuildConfiguration section */

/* Begin XCConfigurationList section */
		A38FB6A12AA5EC6F00CA1B25 /* Build configuration list for PBXProject "Memorize(Recap)" */ = {
			isa = XCConfigurationList;
			buildConfigurations = (
				A38FB6B22AA5EC7000CA1B25 /* Debug */,
				A38FB6B32AA5EC7000CA1B25 /* Release */,
			);
			defaultConfigurationIsVisible = 0;
			defaultConfigurationName = Release;
		};
		A38FB6B42AA5EC7000CA1B25 /* Build configuration list for PBXNativeTarget "Memorize(Recap)" */ = {
			isa = XCConfigurationList;
			buildConfigurations = (
				A38FB6B52AA5EC7000CA1B25 /* Debug */,
				A38FB6B62AA5EC7000CA1B25 /* Release */,
			);
			defaultConfigurationIsVisible = 0;
			defaultConfigurationName = Release;
		};
/* End XCConfigurationList section */
	};
	rootObject = A38FB69E2AA5EC6F00CA1B25 /* Project object */;
}
